
Microsoft Visual Studio Solution File, Format Version 12.00
# Visual Studio Version 16
VisualStudioVersion = 25.0.1706.4
MinimumVisualStudioVersion = 10.0.40219.1
Project("{FAE04EC0-301F-11D3-BF4B-00C04F79EFBC}") = "T1SemTest", "T1SemTest\T1SemTest.csproj", "{6BBE25C3-C44F-4934-AE25-7F1AFA41C386}"
EndProject
Global
	GlobalSection(SolutionConfigurationPlatforms) = preSolution
		Debug|Any CPU = Debug|Any CPU
		Release|Any CPU = Release|Any CPU
	EndGlobalSection
	GlobalSection(ProjectConfigurationPlatforms) = postSolution
		{6BBE25C3-C44F-4934-AE25-7F1AFA41C386}.Debug|Any CPU.ActiveCfg = Debug|Any CPU
		{6BBE25C3-C44F-4934-AE25-7F1AFA41C386}.Debug|Any CPU.Build.0 = Debug|Any CPU
		{6BBE25C3-C44F-4934-AE25-7F1AFA41C386}.Release|Any CPU.ActiveCfg = Release|Any CPU
		{6BBE25C3-C44F-4934-AE25-7F1AFA41C386}.Release|Any CPU.Build.0 = Release|Any CPU
	EndGlobalSection
	GlobalSection(SolutionProperties) = preSolution
		HideSolutionNode = FALSE
	EndGlobalSection
	GlobalSection(ExtensibilityGlobals) = postSolution
		SolutionGuid = {C1E88DD5-583D-41EA-B3D5-4CAA5909DE01}
	EndGlobalSection
EndGlobal
